// !$*UTF8*$!
{
	archiveVersion = 1;
	classes = {
	};
	objectVersion = 50;
	objects = {

/* Begin PBXBuildFile section */
		276141CDD1622D4363F5831C /* Pods_iOS_Faire_Take_Home_AssignmentUITests.framework in Frameworks */ = {isa = PBXBuildFile; fileRef = 2575D034ADBC30917EED8A41 /* Pods_iOS_Faire_Take_Home_AssignmentUITests.framework */; };
		292F777597B4155551B3DB13 /* Pods_iOS_Faire_Take_Home_AssignmentTests.framework in Frameworks */ = {isa = PBXBuildFile; fileRef = D2C218F382DE4A12A1B05BCD /* Pods_iOS_Faire_Take_Home_AssignmentTests.framework */; };
		49FF2511D9C5BE02FEEB1871 /* Pods_iOS_Faire_Take_Home_Assignment.framework in Frameworks */ = {isa = PBXBuildFile; fileRef = 07F8B25CC3814101C83B5A95 /* Pods_iOS_Faire_Take_Home_Assignment.framework */; };
		D64E52BA2244334B00CFF041 /* Coordinator.swift in Sources */ = {isa = PBXBuildFile; fileRef = D64E52B92244334B00CFF041 /* Coordinator.swift */; };
		D64E52BE224433ED00CFF041 /* PreFilterViewController.swift in Sources */ = {isa = PBXBuildFile; fileRef = D64E52BD224433ED00CFF041 /* PreFilterViewController.swift */; };
		D69709D92245547200A1F561 /* FilterViewController.swift in Sources */ = {isa = PBXBuildFile; fileRef = D69709D82245547200A1F561 /* FilterViewController.swift */; };
		D69709DC224556AF00A1F561 /* FilterCell.swift in Sources */ = {isa = PBXBuildFile; fileRef = D69709DA224556AF00A1F561 /* FilterCell.swift */; };
		D69709DD224556AF00A1F561 /* FilterCell.xib in Resources */ = {isa = PBXBuildFile; fileRef = D69709DB224556AF00A1F561 /* FilterCell.xib */; };
		D69709E122457E1100A1F561 /* Category.swift in Sources */ = {isa = PBXBuildFile; fileRef = D69709E022457E1100A1F561 /* Category.swift */; };
		D69709E422457EFB00A1F561 /* CategoriesViewController.swift in Sources */ = {isa = PBXBuildFile; fileRef = D69709E322457EFB00A1F561 /* CategoriesViewController.swift */; };
		D69709E72245B58C00A1F561 /* ProductsViewController.swift in Sources */ = {isa = PBXBuildFile; fileRef = D69709E62245B58C00A1F561 /* ProductsViewController.swift */; };
		D69709EF2245B75A00A1F561 /* ProductCell.swift in Sources */ = {isa = PBXBuildFile; fileRef = D69709ED2245B75A00A1F561 /* ProductCell.swift */; };
		D69709F02245B75A00A1F561 /* ProductCell.xib in Resources */ = {isa = PBXBuildFile; fileRef = D69709EE2245B75A00A1F561 /* ProductCell.xib */; };
		D69709F22245BA0800A1F561 /* Product.swift in Sources */ = {isa = PBXBuildFile; fileRef = D69709F12245BA0800A1F561 /* Product.swift */; };
		D69709F42245BBDE00A1F561 /* Image.swift in Sources */ = {isa = PBXBuildFile; fileRef = D69709F32245BBDE00A1F561 /* Image.swift */; };
		D69709F82245D08B00A1F561 /* ProductDetailViewController.swift in Sources */ = {isa = PBXBuildFile; fileRef = D69709F62245D08B00A1F561 /* ProductDetailViewController.swift */; };
		D69709F92245D08B00A1F561 /* ProductDetailViewController.xib in Resources */ = {isa = PBXBuildFile; fileRef = D69709F72245D08B00A1F561 /* ProductDetailViewController.xib */; };
		D6FB12472243D4E30097EC7A /* AppDelegate.swift in Sources */ = {isa = PBXBuildFile; fileRef = D6FB12462243D4E30097EC7A /* AppDelegate.swift */; };
		D6FB12492243D4E30097EC7A /* ViewController.swift in Sources */ = {isa = PBXBuildFile; fileRef = D6FB12482243D4E30097EC7A /* ViewController.swift */; };
		D6FB124C2243D4E30097EC7A /* Main.storyboard in Resources */ = {isa = PBXBuildFile; fileRef = D6FB124A2243D4E30097EC7A /* Main.storyboard */; };
		D6FB124E2243D4E40097EC7A /* Assets.xcassets in Resources */ = {isa = PBXBuildFile; fileRef = D6FB124D2243D4E40097EC7A /* Assets.xcassets */; };
		D6FB12512243D4E40097EC7A /* LaunchScreen.storyboard in Resources */ = {isa = PBXBuildFile; fileRef = D6FB124F2243D4E40097EC7A /* LaunchScreen.storyboard */; };
		D6FB125C2243D4E40097EC7A /* iOS_Faire_Take_Home_AssignmentTests.swift in Sources */ = {isa = PBXBuildFile; fileRef = D6FB125B2243D4E40097EC7A /* iOS_Faire_Take_Home_AssignmentTests.swift */; };
		D6FB12672243D4E40097EC7A /* iOS_Faire_Take_Home_AssignmentUITests.swift in Sources */ = {isa = PBXBuildFile; fileRef = D6FB12662243D4E40097EC7A /* iOS_Faire_Take_Home_AssignmentUITests.swift */; };
		D6FB12772243D6E00097EC7A /* HomeViewController.swift in Sources */ = {isa = PBXBuildFile; fileRef = D6FB12752243D6E00097EC7A /* HomeViewController.swift */; };
		D6FB127D2243DBDF0097EC7A /* ServiceRequest.swift in Sources */ = {isa = PBXBuildFile; fileRef = D6FB127C2243DBDF0097EC7A /* ServiceRequest.swift */; };
		D6FB127F2243DCA00097EC7A /* WebServices.swift in Sources */ = {isa = PBXBuildFile; fileRef = D6FB127E2243DCA00097EC7A /* WebServices.swift */; };
		D6FB128722440D720097EC7A /* HomeCell.swift in Sources */ = {isa = PBXBuildFile; fileRef = D6FB128522440D720097EC7A /* HomeCell.swift */; };
		D6FB128822440D720097EC7A /* HomeCell.xib in Resources */ = {isa = PBXBuildFile; fileRef = D6FB128622440D720097EC7A /* HomeCell.xib */; };
		D6FB128B22440EEC0097EC7A /* Brand.swift in Sources */ = {isa = PBXBuildFile; fileRef = D6FB128A22440EEC0097EC7A /* Brand.swift */; };
/* End PBXBuildFile section */

/* Begin PBXContainerItemProxy section */
		D6FB12582243D4E40097EC7A /* PBXContainerItemProxy */ = {
			isa = PBXContainerItemProxy;
			containerPortal = D6FB123B2243D4E20097EC7A /* Project object */;
			proxyType = 1;
			remoteGlobalIDString = D6FB12422243D4E20097EC7A;
			remoteInfo = "iOS-Faire-Take-Home-Assignment";
		};
		D6FB12632243D4E40097EC7A /* PBXContainerItemProxy */ = {
			isa = PBXContainerItemProxy;
			containerPortal = D6FB123B2243D4E20097EC7A /* Project object */;
			proxyType = 1;
			remoteGlobalIDString = D6FB12422243D4E20097EC7A;
			remoteInfo = "iOS-Faire-Take-Home-Assignment";
		};
/* End PBXContainerItemProxy section */

/* Begin PBXFileReference section */
		05DAF4569BE68DC0CEEDC31C /* Pods-iOS-Faire-Take-Home-AssignmentUITests.release.xcconfig */ = {isa = PBXFileReference; includeInIndex = 1; lastKnownFileType = text.xcconfig; name = "Pods-iOS-Faire-Take-Home-AssignmentUITests.release.xcconfig"; path = "Pods/Target Support Files/Pods-iOS-Faire-Take-Home-AssignmentUITests/Pods-iOS-Faire-Take-Home-AssignmentUITests.release.xcconfig"; sourceTree = "<group>"; };
		07F8B25CC3814101C83B5A95 /* Pods_iOS_Faire_Take_Home_Assignment.framework */ = {isa = PBXFileReference; explicitFileType = wrapper.framework; includeInIndex = 0; path = Pods_iOS_Faire_Take_Home_Assignment.framework; sourceTree = BUILT_PRODUCTS_DIR; };
		2575D034ADBC30917EED8A41 /* Pods_iOS_Faire_Take_Home_AssignmentUITests.framework */ = {isa = PBXFileReference; explicitFileType = wrapper.framework; includeInIndex = 0; path = Pods_iOS_Faire_Take_Home_AssignmentUITests.framework; sourceTree = BUILT_PRODUCTS_DIR; };
		2FE272B3F348E86D04744EBD /* Pods-iOS-Faire-Take-Home-AssignmentTests.release.xcconfig */ = {isa = PBXFileReference; includeInIndex = 1; lastKnownFileType = text.xcconfig; name = "Pods-iOS-Faire-Take-Home-AssignmentTests.release.xcconfig"; path = "Pods/Target Support Files/Pods-iOS-Faire-Take-Home-AssignmentTests/Pods-iOS-Faire-Take-Home-AssignmentTests.release.xcconfig"; sourceTree = "<group>"; };
		444A5EED1880A9FF08A9AFD2 /* Pods-iOS-Faire-Take-Home-Assignment.debug.xcconfig */ = {isa = PBXFileReference; includeInIndex = 1; lastKnownFileType = text.xcconfig; name = "Pods-iOS-Faire-Take-Home-Assignment.debug.xcconfig"; path = "Pods/Target Support Files/Pods-iOS-Faire-Take-Home-Assignment/Pods-iOS-Faire-Take-Home-Assignment.debug.xcconfig"; sourceTree = "<group>"; };
		8193435F457017B94FD443C0 /* Pods-iOS-Faire-Take-Home-AssignmentTests.debug.xcconfig */ = {isa = PBXFileReference; includeInIndex = 1; lastKnownFileType = text.xcconfig; name = "Pods-iOS-Faire-Take-Home-AssignmentTests.debug.xcconfig"; path = "Pods/Target Support Files/Pods-iOS-Faire-Take-Home-AssignmentTests/Pods-iOS-Faire-Take-Home-AssignmentTests.debug.xcconfig"; sourceTree = "<group>"; };
		9DDBD3CFE4F4B84DEFBCFCDA /* Pods-iOS-Faire-Take-Home-AssignmentUITests.debug.xcconfig */ = {isa = PBXFileReference; includeInIndex = 1; lastKnownFileType = text.xcconfig; name = "Pods-iOS-Faire-Take-Home-AssignmentUITests.debug.xcconfig"; path = "Pods/Target Support Files/Pods-iOS-Faire-Take-Home-AssignmentUITests/Pods-iOS-Faire-Take-Home-AssignmentUITests.debug.xcconfig"; sourceTree = "<group>"; };
		C59B68D2C4BDCFB50E399209 /* Pods-iOS-Faire-Take-Home-Assignment.release.xcconfig */ = {isa = PBXFileReference; includeInIndex = 1; lastKnownFileType = text.xcconfig; name = "Pods-iOS-Faire-Take-Home-Assignment.release.xcconfig"; path = "Pods/Target Support Files/Pods-iOS-Faire-Take-Home-Assignment/Pods-iOS-Faire-Take-Home-Assignment.release.xcconfig"; sourceTree = "<group>"; };
		D2C218F382DE4A12A1B05BCD /* Pods_iOS_Faire_Take_Home_AssignmentTests.framework */ = {isa = PBXFileReference; explicitFileType = wrapper.framework; includeInIndex = 0; path = Pods_iOS_Faire_Take_Home_AssignmentTests.framework; sourceTree = BUILT_PRODUCTS_DIR; };
		D64E52B92244334B00CFF041 /* Coordinator.swift */ = {isa = PBXFileReference; lastKnownFileType = sourcecode.swift; path = Coordinator.swift; sourceTree = "<group>"; };
		D64E52BD224433ED00CFF041 /* PreFilterViewController.swift */ = {isa = PBXFileReference; lastKnownFileType = sourcecode.swift; path = PreFilterViewController.swift; sourceTree = "<group>"; };
		D69709D82245547200A1F561 /* FilterViewController.swift */ = {isa = PBXFileReference; lastKnownFileType = sourcecode.swift; path = FilterViewController.swift; sourceTree = "<group>"; };
		D69709DA224556AF00A1F561 /* FilterCell.swift */ = {isa = PBXFileReference; lastKnownFileType = sourcecode.swift; path = FilterCell.swift; sourceTree = "<group>"; };
		D69709DB224556AF00A1F561 /* FilterCell.xib */ = {isa = PBXFileReference; lastKnownFileType = file.xib; path = FilterCell.xib; sourceTree = "<group>"; };
		D69709E022457E1100A1F561 /* Category.swift */ = {isa = PBXFileReference; lastKnownFileType = sourcecode.swift; path = Category.swift; sourceTree = "<group>"; };
		D69709E322457EFB00A1F561 /* CategoriesViewController.swift */ = {isa = PBXFileReference; lastKnownFileType = sourcecode.swift; path = CategoriesViewController.swift; sourceTree = "<group>"; };
		D69709E62245B58C00A1F561 /* ProductsViewController.swift */ = {isa = PBXFileReference; lastKnownFileType = sourcecode.swift; path = ProductsViewController.swift; sourceTree = "<group>"; };
		D69709ED2245B75A00A1F561 /* ProductCell.swift */ = {isa = PBXFileReference; lastKnownFileType = sourcecode.swift; path = ProductCell.swift; sourceTree = "<group>"; };
		D69709EE2245B75A00A1F561 /* ProductCell.xib */ = {isa = PBXFileReference; lastKnownFileType = file.xib; path = ProductCell.xib; sourceTree = "<group>"; };
		D69709F12245BA0800A1F561 /* Product.swift */ = {isa = PBXFileReference; lastKnownFileType = sourcecode.swift; path = Product.swift; sourceTree = "<group>"; };
		D69709F32245BBDE00A1F561 /* Image.swift */ = {isa = PBXFileReference; lastKnownFileType = sourcecode.swift; path = Image.swift; sourceTree = "<group>"; };
		D69709F62245D08B00A1F561 /* ProductDetailViewController.swift */ = {isa = PBXFileReference; lastKnownFileType = sourcecode.swift; path = ProductDetailViewController.swift; sourceTree = "<group>"; };
		D69709F72245D08B00A1F561 /* ProductDetailViewController.xib */ = {isa = PBXFileReference; lastKnownFileType = file.xib; path = ProductDetailViewController.xib; sourceTree = "<group>"; };
		D6FB12432243D4E20097EC7A /* iOS-Faire-Take-Home-Assignment.app */ = {isa = PBXFileReference; explicitFileType = wrapper.application; includeInIndex = 0; path = "iOS-Faire-Take-Home-Assignment.app"; sourceTree = BUILT_PRODUCTS_DIR; };
		D6FB12462243D4E30097EC7A /* AppDelegate.swift */ = {isa = PBXFileReference; lastKnownFileType = sourcecode.swift; path = AppDelegate.swift; sourceTree = "<group>"; };
		D6FB12482243D4E30097EC7A /* ViewController.swift */ = {isa = PBXFileReference; lastKnownFileType = sourcecode.swift; path = ViewController.swift; sourceTree = "<group>"; };
		D6FB124B2243D4E30097EC7A /* Base */ = {isa = PBXFileReference; lastKnownFileType = file.storyboard; name = Base; path = Base.lproj/Main.storyboard; sourceTree = "<group>"; };
		D6FB124D2243D4E40097EC7A /* Assets.xcassets */ = {isa = PBXFileReference; lastKnownFileType = folder.assetcatalog; path = Assets.xcassets; sourceTree = "<group>"; };
		D6FB12502243D4E40097EC7A /* Base */ = {isa = PBXFileReference; lastKnownFileType = file.storyboard; name = Base; path = Base.lproj/LaunchScreen.storyboard; sourceTree = "<group>"; };
		D6FB12522243D4E40097EC7A /* Info.plist */ = {isa = PBXFileReference; lastKnownFileType = text.plist.xml; path = Info.plist; sourceTree = "<group>"; };
		D6FB12572243D4E40097EC7A /* iOS-Faire-Take-Home-AssignmentTests.xctest */ = {isa = PBXFileReference; explicitFileType = wrapper.cfbundle; includeInIndex = 0; path = "iOS-Faire-Take-Home-AssignmentTests.xctest"; sourceTree = BUILT_PRODUCTS_DIR; };
		D6FB125B2243D4E40097EC7A /* iOS_Faire_Take_Home_AssignmentTests.swift */ = {isa = PBXFileReference; lastKnownFileType = sourcecode.swift; path = iOS_Faire_Take_Home_AssignmentTests.swift; sourceTree = "<group>"; };
		D6FB125D2243D4E40097EC7A /* Info.plist */ = {isa = PBXFileReference; lastKnownFileType = text.plist.xml; path = Info.plist; sourceTree = "<group>"; };
		D6FB12622243D4E40097EC7A /* iOS-Faire-Take-Home-AssignmentUITests.xctest */ = {isa = PBXFileReference; explicitFileType = wrapper.cfbundle; includeInIndex = 0; path = "iOS-Faire-Take-Home-AssignmentUITests.xctest"; sourceTree = BUILT_PRODUCTS_DIR; };
		D6FB12662243D4E40097EC7A /* iOS_Faire_Take_Home_AssignmentUITests.swift */ = {isa = PBXFileReference; lastKnownFileType = sourcecode.swift; path = iOS_Faire_Take_Home_AssignmentUITests.swift; sourceTree = "<group>"; };
		D6FB12682243D4E40097EC7A /* Info.plist */ = {isa = PBXFileReference; lastKnownFileType = text.plist.xml; path = Info.plist; sourceTree = "<group>"; };
		D6FB12752243D6E00097EC7A /* HomeViewController.swift */ = {isa = PBXFileReference; lastKnownFileType = sourcecode.swift; path = HomeViewController.swift; sourceTree = "<group>"; };
		D6FB127A2243DA3C0097EC7A /* Bridging-Header.h */ = {isa = PBXFileReference; lastKnownFileType = sourcecode.c.h; path = "Bridging-Header.h"; sourceTree = "<group>"; };
		D6FB127B2243DA830097EC7A /* WebConstants.h */ = {isa = PBXFileReference; lastKnownFileType = sourcecode.c.h; path = WebConstants.h; sourceTree = "<group>"; };
		D6FB127C2243DBDF0097EC7A /* ServiceRequest.swift */ = {isa = PBXFileReference; lastKnownFileType = sourcecode.swift; path = ServiceRequest.swift; sourceTree = "<group>"; };
		D6FB127E2243DCA00097EC7A /* WebServices.swift */ = {isa = PBXFileReference; lastKnownFileType = sourcecode.swift; path = WebServices.swift; sourceTree = "<group>"; };
		D6FB128522440D720097EC7A /* HomeCell.swift */ = {isa = PBXFileReference; lastKnownFileType = sourcecode.swift; path = HomeCell.swift; sourceTree = "<group>"; };
		D6FB128622440D720097EC7A /* HomeCell.xib */ = {isa = PBXFileReference; lastKnownFileType = file.xib; path = HomeCell.xib; sourceTree = "<group>"; };
		D6FB128A22440EEC0097EC7A /* Brand.swift */ = {isa = PBXFileReference; lastKnownFileType = sourcecode.swift; path = Brand.swift; sourceTree = "<group>"; };
/* End PBXFileReference section */

/* Begin PBXFrameworksBuildPhase section */
		D6FB12402243D4E20097EC7A /* Frameworks */ = {
			isa = PBXFrameworksBuildPhase;
			buildActionMask = 2147483647;
			files = (
				49FF2511D9C5BE02FEEB1871 /* Pods_iOS_Faire_Take_Home_Assignment.framework in Frameworks */,
			);
			runOnlyForDeploymentPostprocessing = 0;
		};
		D6FB12542243D4E40097EC7A /* Frameworks */ = {
			isa = PBXFrameworksBuildPhase;
			buildActionMask = 2147483647;
			files = (
				292F777597B4155551B3DB13 /* Pods_iOS_Faire_Take_Home_AssignmentTests.framework in Frameworks */,
			);
			runOnlyForDeploymentPostprocessing = 0;
		};
		D6FB125F2243D4E40097EC7A /* Frameworks */ = {
			isa = PBXFrameworksBuildPhase;
			buildActionMask = 2147483647;
			files = (
				276141CDD1622D4363F5831C /* Pods_iOS_Faire_Take_Home_AssignmentUITests.framework in Frameworks */,
			);
			runOnlyForDeploymentPostprocessing = 0;
		};
/* End PBXFrameworksBuildPhase section */

/* Begin PBXGroup section */
		206C9AC7D396ED5045224119 /* Pods */ = {
			isa = PBXGroup;
			children = (
				444A5EED1880A9FF08A9AFD2 /* Pods-iOS-Faire-Take-Home-Assignment.debug.xcconfig */,
				C59B68D2C4BDCFB50E399209 /* Pods-iOS-Faire-Take-Home-Assignment.release.xcconfig */,
				8193435F457017B94FD443C0 /* Pods-iOS-Faire-Take-Home-AssignmentTests.debug.xcconfig */,
				2FE272B3F348E86D04744EBD /* Pods-iOS-Faire-Take-Home-AssignmentTests.release.xcconfig */,
				9DDBD3CFE4F4B84DEFBCFCDA /* Pods-iOS-Faire-Take-Home-AssignmentUITests.debug.xcconfig */,
				05DAF4569BE68DC0CEEDC31C /* Pods-iOS-Faire-Take-Home-AssignmentUITests.release.xcconfig */,
			);
			name = Pods;
			sourceTree = "<group>";
		};
		57AE472D01C6147A6B3A6C12 /* Frameworks */ = {
			isa = PBXGroup;
			children = (
				07F8B25CC3814101C83B5A95 /* Pods_iOS_Faire_Take_Home_Assignment.framework */,
				D2C218F382DE4A12A1B05BCD /* Pods_iOS_Faire_Take_Home_AssignmentTests.framework */,
				2575D034ADBC30917EED8A41 /* Pods_iOS_Faire_Take_Home_AssignmentUITests.framework */,
			);
			name = Frameworks;
			sourceTree = "<group>";
		};
		D64E52B82244332E00CFF041 /* Coordinator */ = {
			isa = PBXGroup;
			children = (
				D64E52B92244334B00CFF041 /* Coordinator.swift */,
			);
			path = Coordinator;
			sourceTree = "<group>";
		};
		D64E52BB224433B600CFF041 /* Home */ = {
			isa = PBXGroup;
			children = (
				D6FB12752243D6E00097EC7A /* HomeViewController.swift */,
			);
			path = Home;
			sourceTree = "<group>";
		};
		D64E52BC224433C600CFF041 /* PreFilter */ = {
			isa = PBXGroup;
			children = (
				D64E52BD224433ED00CFF041 /* PreFilterViewController.swift */,
			);
			path = PreFilter;
			sourceTree = "<group>";
		};
		D69709D72245545300A1F561 /* Filter */ = {
			isa = PBXGroup;
			children = (
				D69709D82245547200A1F561 /* FilterViewController.swift */,
			);
			path = Filter;
			sourceTree = "<group>";
		};
		D69709DE224556BB00A1F561 /* HomeCell */ = {
			isa = PBXGroup;
			children = (
				D6FB128522440D720097EC7A /* HomeCell.swift */,
				D6FB128622440D720097EC7A /* HomeCell.xib */,
			);
			path = HomeCell;
			sourceTree = "<group>";
		};
		D69709DF224556C700A1F561 /* FilterCell */ = {
			isa = PBXGroup;
			children = (
				D69709DA224556AF00A1F561 /* FilterCell.swift */,
				D69709DB224556AF00A1F561 /* FilterCell.xib */,
			);
			path = FilterCell;
			sourceTree = "<group>";
		};
		D69709E222457EDF00A1F561 /* Categories */ = {
			isa = PBXGroup;
			children = (
				D69709E322457EFB00A1F561 /* CategoriesViewController.swift */,
			);
			path = Categories;
			sourceTree = "<group>";
		};
		D69709E52245B54600A1F561 /* Products */ = {
			isa = PBXGroup;
			children = (
				D69709E62245B58C00A1F561 /* ProductsViewController.swift */,
			);
			path = Products;
			sourceTree = "<group>";
		};
		D69709E82245B68600A1F561 /* ProductCell */ = {
			isa = PBXGroup;
			children = (
				D69709ED2245B75A00A1F561 /* ProductCell.swift */,
				D69709EE2245B75A00A1F561 /* ProductCell.xib */,
			);
			path = ProductCell;
			sourceTree = "<group>";
		};
		D69709F52245D05300A1F561 /* ProductDetail */ = {
			isa = PBXGroup;
			children = (
				D69709F62245D08B00A1F561 /* ProductDetailViewController.swift */,
				D69709F72245D08B00A1F561 /* ProductDetailViewController.xib */,
			);
			path = ProductDetail;
			sourceTree = "<group>";
		};
		D6FB123A2243D4E20097EC7A = {
			isa = PBXGroup;
			children = (
				D6FB12452243D4E20097EC7A /* iOS-Faire-Take-Home-Assignment */,
				D6FB125A2243D4E40097EC7A /* iOS-Faire-Take-Home-AssignmentTests */,
				D6FB12652243D4E40097EC7A /* iOS-Faire-Take-Home-AssignmentUITests */,
				D6FB12442243D4E20097EC7A /* Products */,
				206C9AC7D396ED5045224119 /* Pods */,
				57AE472D01C6147A6B3A6C12 /* Frameworks */,
			);
			sourceTree = "<group>";
		};
		D6FB12442243D4E20097EC7A /* Products */ = {
			isa = PBXGroup;
			children = (
				D6FB12432243D4E20097EC7A /* iOS-Faire-Take-Home-Assignment.app */,
				D6FB12572243D4E40097EC7A /* iOS-Faire-Take-Home-AssignmentTests.xctest */,
				D6FB12622243D4E40097EC7A /* iOS-Faire-Take-Home-AssignmentUITests.xctest */,
			);
			name = Products;
			sourceTree = "<group>";
		};
		D6FB12452243D4E20097EC7A /* iOS-Faire-Take-Home-Assignment */ = {
			isa = PBXGroup;
			children = (
				D64E52B82244332E00CFF041 /* Coordinator */,
				D6FB128922440ED30097EC7A /* Objects */,
				D6FB128022440AA40097EC7A /* View */,
				D6FB12792243D9F50097EC7A /* WebService */,
				D6FB12742243D68B0097EC7A /* ViewControllers */,
				D6FB12462243D4E30097EC7A /* AppDelegate.swift */,
				D6FB12482243D4E30097EC7A /* ViewController.swift */,
				D6FB124A2243D4E30097EC7A /* Main.storyboard */,
				D6FB124D2243D4E40097EC7A /* Assets.xcassets */,
				D6FB124F2243D4E40097EC7A /* LaunchScreen.storyboard */,
				D6FB12522243D4E40097EC7A /* Info.plist */,
				D6FB127A2243DA3C0097EC7A /* Bridging-Header.h */,
			);
			path = "iOS-Faire-Take-Home-Assignment";
			sourceTree = "<group>";
		};
		D6FB125A2243D4E40097EC7A /* iOS-Faire-Take-Home-AssignmentTests */ = {
			isa = PBXGroup;
			children = (
				D6FB125B2243D4E40097EC7A /* iOS_Faire_Take_Home_AssignmentTests.swift */,
				D6FB125D2243D4E40097EC7A /* Info.plist */,
			);
			path = "iOS-Faire-Take-Home-AssignmentTests";
			sourceTree = "<group>";
		};
		D6FB12652243D4E40097EC7A /* iOS-Faire-Take-Home-AssignmentUITests */ = {
			isa = PBXGroup;
			children = (
				D6FB12662243D4E40097EC7A /* iOS_Faire_Take_Home_AssignmentUITests.swift */,
				D6FB12682243D4E40097EC7A /* Info.plist */,
			);
			path = "iOS-Faire-Take-Home-AssignmentUITests";
			sourceTree = "<group>";
		};
		D6FB12742243D68B0097EC7A /* ViewControllers */ = {
			isa = PBXGroup;
			children = (
				D69709F52245D05300A1F561 /* ProductDetail */,
				D69709E52245B54600A1F561 /* Products */,
				D69709E222457EDF00A1F561 /* Categories */,
				D69709D72245545300A1F561 /* Filter */,
				D64E52BC224433C600CFF041 /* PreFilter */,
				D64E52BB224433B600CFF041 /* Home */,
			);
			path = ViewControllers;
			sourceTree = "<group>";
		};
		D6FB12792243D9F50097EC7A /* WebService */ = {
			isa = PBXGroup;
			children = (
				D6FB127B2243DA830097EC7A /* WebConstants.h */,
				D6FB127C2243DBDF0097EC7A /* ServiceRequest.swift */,
				D6FB127E2243DCA00097EC7A /* WebServices.swift */,
			);
			path = WebService;
			sourceTree = "<group>";
		};
		D6FB128022440AA40097EC7A /* View */ = {
			isa = PBXGroup;
			children = (
				D69709E82245B68600A1F561 /* ProductCell */,
				D69709DE224556BB00A1F561 /* HomeCell */,
				D69709DF224556C700A1F561 /* FilterCell */,
			);
			path = View;
			sourceTree = "<group>";
		};
		D6FB128922440ED30097EC7A /* Objects */ = {
			isa = PBXGroup;
			children = (
				D6FB128A22440EEC0097EC7A /* Brand.swift */,
				D69709E022457E1100A1F561 /* Category.swift */,
				D69709F12245BA0800A1F561 /* Product.swift */,
				D69709F32245BBDE00A1F561 /* Image.swift */,
			);
			path = Objects;
			sourceTree = "<group>";
		};
/* End PBXGroup section */

/* Begin PBXNativeTarget section */
		D6FB12422243D4E20097EC7A /* iOS-Faire-Take-Home-Assignment */ = {
			isa = PBXNativeTarget;
			buildConfigurationList = D6FB126B2243D4E40097EC7A /* Build configuration list for PBXNativeTarget "iOS-Faire-Take-Home-Assignment" */;
			buildPhases = (
				3515F7C51B6A6B846A899042 /* [CP] Check Pods Manifest.lock */,
				D6FB123F2243D4E20097EC7A /* Sources */,
				D6FB12402243D4E20097EC7A /* Frameworks */,
				D6FB12412243D4E20097EC7A /* Resources */,
				EFB9D1BED45AB6920F742256 /* [CP] Embed Pods Frameworks */,
			);
			buildRules = (
			);
			dependencies = (
			);
			name = "iOS-Faire-Take-Home-Assignment";
			productName = "iOS-Faire-Take-Home-Assignment";
			productReference = D6FB12432243D4E20097EC7A /* iOS-Faire-Take-Home-Assignment.app */;
			productType = "com.apple.product-type.application";
		};
		D6FB12562243D4E40097EC7A /* iOS-Faire-Take-Home-AssignmentTests */ = {
			isa = PBXNativeTarget;
			buildConfigurationList = D6FB126E2243D4E40097EC7A /* Build configuration list for PBXNativeTarget "iOS-Faire-Take-Home-AssignmentTests" */;
			buildPhases = (
				4502590C64DD81C787312724 /* [CP] Check Pods Manifest.lock */,
				D6FB12532243D4E40097EC7A /* Sources */,
				D6FB12542243D4E40097EC7A /* Frameworks */,
				D6FB12552243D4E40097EC7A /* Resources */,
			);
			buildRules = (
			);
			dependencies = (
				D6FB12592243D4E40097EC7A /* PBXTargetDependency */,
			);
			name = "iOS-Faire-Take-Home-AssignmentTests";
			productName = "iOS-Faire-Take-Home-AssignmentTests";
			productReference = D6FB12572243D4E40097EC7A /* iOS-Faire-Take-Home-AssignmentTests.xctest */;
			productType = "com.apple.product-type.bundle.unit-test";
		};
		D6FB12612243D4E40097EC7A /* iOS-Faire-Take-Home-AssignmentUITests */ = {
			isa = PBXNativeTarget;
			buildConfigurationList = D6FB12712243D4E40097EC7A /* Build configuration list for PBXNativeTarget "iOS-Faire-Take-Home-AssignmentUITests" */;
			buildPhases = (
				906E9CDA0CEB39CA1C40788F /* [CP] Check Pods Manifest.lock */,
				D6FB125E2243D4E40097EC7A /* Sources */,
				D6FB125F2243D4E40097EC7A /* Frameworks */,
				D6FB12602243D4E40097EC7A /* Resources */,
			);
			buildRules = (
			);
			dependencies = (
				D6FB12642243D4E40097EC7A /* PBXTargetDependency */,
			);
			name = "iOS-Faire-Take-Home-AssignmentUITests";
			productName = "iOS-Faire-Take-Home-AssignmentUITests";
			productReference = D6FB12622243D4E40097EC7A /* iOS-Faire-Take-Home-AssignmentUITests.xctest */;
			productType = "com.apple.product-type.bundle.ui-testing";
		};
/* End PBXNativeTarget section */

/* Begin PBXProject section */
		D6FB123B2243D4E20097EC7A /* Project object */ = {
			isa = PBXProject;
			attributes = {
				LastSwiftUpdateCheck = 1010;
				LastUpgradeCheck = 1010;
				ORGANIZATIONNAME = "Rafael Brandão";
				TargetAttributes = {
					D6FB12422243D4E20097EC7A = {
						CreatedOnToolsVersion = 10.1;
					};
					D6FB12562243D4E40097EC7A = {
						CreatedOnToolsVersion = 10.1;
						TestTargetID = D6FB12422243D4E20097EC7A;
					};
					D6FB12612243D4E40097EC7A = {
						CreatedOnToolsVersion = 10.1;
						TestTargetID = D6FB12422243D4E20097EC7A;
					};
				};
			};
			buildConfigurationList = D6FB123E2243D4E20097EC7A /* Build configuration list for PBXProject "iOS-Faire-Take-Home-Assignment" */;
			compatibilityVersion = "Xcode 9.3";
			developmentRegion = en;
			hasScannedForEncodings = 0;
			knownRegions = (
				en,
				Base,
			);
			mainGroup = D6FB123A2243D4E20097EC7A;
			productRefGroup = D6FB12442243D4E20097EC7A /* Products */;
			projectDirPath = "";
			projectRoot = "";
			targets = (
				D6FB12422243D4E20097EC7A /* iOS-Faire-Take-Home-Assignment */,
				D6FB12562243D4E40097EC7A /* iOS-Faire-Take-Home-AssignmentTests */,
				D6FB12612243D4E40097EC7A /* iOS-Faire-Take-Home-AssignmentUITests */,
			);
		};
/* End PBXProject section */

/* Begin PBXResourcesBuildPhase section */
		D6FB12412243D4E20097EC7A /* Resources */ = {
			isa = PBXResourcesBuildPhase;
			buildActionMask = 2147483647;
			files = (
				D6FB12512243D4E40097EC7A /* LaunchScreen.storyboard in Resources */,
				D6FB124E2243D4E40097EC7A /* Assets.xcassets in Resources */,
				D69709F02245B75A00A1F561 /* ProductCell.xib in Resources */,
				D69709F92245D08B00A1F561 /* ProductDetailViewController.xib in Resources */,
				D6FB124C2243D4E30097EC7A /* Main.storyboard in Resources */,
				D69709DD224556AF00A1F561 /* FilterCell.xib in Resources */,
				D6FB128822440D720097EC7A /* HomeCell.xib in Resources */,
			);
			runOnlyForDeploymentPostprocessing = 0;
		};
		D6FB12552243D4E40097EC7A /* Resources */ = {
			isa = PBXResourcesBuildPhase;
			buildActionMask = 2147483647;
			files = (
			);
			runOnlyForDeploymentPostprocessing = 0;
		};
		D6FB12602243D4E40097EC7A /* Resources */ = {
			isa = PBXResourcesBuildPhase;
			buildActionMask = 2147483647;
			files = (
			);
			runOnlyForDeploymentPostprocessing = 0;
		};
/* End PBXResourcesBuildPhase section */

/* Begin PBXShellScriptBuildPhase section */
		3515F7C51B6A6B846A899042 /* [CP] Check Pods Manifest.lock */ = {
			isa = PBXShellScriptBuildPhase;
			buildActionMask = 2147483647;
			files = (
			);
			inputFileListPaths = (
			);
			inputPaths = (
				"${PODS_PODFILE_DIR_PATH}/Podfile.lock",
				"${PODS_ROOT}/Manifest.lock",
			);
			name = "[CP] Check Pods Manifest.lock";
			outputFileListPaths = (
			);
			outputPaths = (
				"$(DERIVED_FILE_DIR)/Pods-iOS-Faire-Take-Home-Assignment-checkManifestLockResult.txt",
			);
			runOnlyForDeploymentPostprocessing = 0;
			shellPath = /bin/sh;
			shellScript = "diff \"${PODS_PODFILE_DIR_PATH}/Podfile.lock\" \"${PODS_ROOT}/Manifest.lock\" > /dev/null\nif [ $? != 0 ] ; then\n    # print error to STDERR\n    echo \"error: The sandbox is not in sync with the Podfile.lock. Run 'pod install' or update your CocoaPods installation.\" >&2\n    exit 1\nfi\n# This output is used by Xcode 'outputs' to avoid re-running this script phase.\necho \"SUCCESS\" > \"${SCRIPT_OUTPUT_FILE_0}\"\n";
			showEnvVarsInLog = 0;
		};
		4502590C64DD81C787312724 /* [CP] Check Pods Manifest.lock */ = {
			isa = PBXShellScriptBuildPhase;
			buildActionMask = 2147483647;
			files = (
			);
			inputFileListPaths = (
			);
			inputPaths = (
				"${PODS_PODFILE_DIR_PATH}/Podfile.lock",
				"${PODS_ROOT}/Manifest.lock",
			);
			name = "[CP] Check Pods Manifest.lock";
			outputFileListPaths = (
			);
			outputPaths = (
				"$(DERIVED_FILE_DIR)/Pods-iOS-Faire-Take-Home-AssignmentTests-checkManifestLockResult.txt",
			);
			runOnlyForDeploymentPostprocessing = 0;
			shellPath = /bin/sh;
			shellScript = "diff \"${PODS_PODFILE_DIR_PATH}/Podfile.lock\" \"${PODS_ROOT}/Manifest.lock\" > /dev/null\nif [ $? != 0 ] ; then\n    # print error to STDERR\n    echo \"error: The sandbox is not in sync with the Podfile.lock. Run 'pod install' or update your CocoaPods installation.\" >&2\n    exit 1\nfi\n# This output is used by Xcode 'outputs' to avoid re-running this script phase.\necho \"SUCCESS\" > \"${SCRIPT_OUTPUT_FILE_0}\"\n";
			showEnvVarsInLog = 0;
		};
		906E9CDA0CEB39CA1C40788F /* [CP] Check Pods Manifest.lock */ = {
			isa = PBXShellScriptBuildPhase;
			buildActionMask = 2147483647;
			files = (
			);
			inputFileListPaths = (
			);
			inputPaths = (
				"${PODS_PODFILE_DIR_PATH}/Podfile.lock",
				"${PODS_ROOT}/Manifest.lock",
			);
			name = "[CP] Check Pods Manifest.lock";
			outputFileListPaths = (
			);
			outputPaths = (
				"$(DERIVED_FILE_DIR)/Pods-iOS-Faire-Take-Home-AssignmentUITests-checkManifestLockResult.txt",
			);
			runOnlyForDeploymentPostprocessing = 0;
			shellPath = /bin/sh;
			shellScript = "diff \"${PODS_PODFILE_DIR_PATH}/Podfile.lock\" \"${PODS_ROOT}/Manifest.lock\" > /dev/null\nif [ $? != 0 ] ; then\n    # print error to STDERR\n    echo \"error: The sandbox is not in sync with the Podfile.lock. Run 'pod install' or update your CocoaPods installation.\" >&2\n    exit 1\nfi\n# This output is used by Xcode 'outputs' to avoid re-running this script phase.\necho \"SUCCESS\" > \"${SCRIPT_OUTPUT_FILE_0}\"\n";
			showEnvVarsInLog = 0;
		};
		EFB9D1BED45AB6920F742256 /* [CP] Embed Pods Frameworks */ = {
			isa = PBXShellScriptBuildPhase;
			buildActionMask = 2147483647;
			files = (
			);
			inputFileListPaths = (
			);
			inputPaths = (
				"${SRCROOT}/Pods/Target Support Files/Pods-iOS-Faire-Take-Home-Assignment/Pods-iOS-Faire-Take-Home-Assignment-frameworks.sh",
				"${BUILT_PRODUCTS_DIR}/SDWebImage/SDWebImage.framework",
			);
			name = "[CP] Embed Pods Frameworks";
			outputFileListPaths = (
			);
			outputPaths = (
				"${TARGET_BUILD_DIR}/${FRAMEWORKS_FOLDER_PATH}/SDWebImage.framework",
			);
			runOnlyForDeploymentPostprocessing = 0;
			shellPath = /bin/sh;
			shellScript = "\"${SRCROOT}/Pods/Target Support Files/Pods-iOS-Faire-Take-Home-Assignment/Pods-iOS-Faire-Take-Home-Assignment-frameworks.sh\"\n";
			showEnvVarsInLog = 0;
		};
/* End PBXShellScriptBuildPhase section */

/* Begin PBXSourcesBuildPhase section */
		D6FB123F2243D4E20097EC7A /* Sources */ = {
			isa = PBXSourcesBuildPhase;
			buildActionMask = 2147483647;
			files = (
				D64E52BA2244334B00CFF041 /* Coordinator.swift in Sources */,
				D6FB12492243D4E30097EC7A /* ViewController.swift in Sources */,
				D69709E72245B58C00A1F561 /* ProductsViewController.swift in Sources */,
				D69709DC224556AF00A1F561 /* FilterCell.swift in Sources */,
				D6FB127F2243DCA00097EC7A /* WebServices.swift in Sources */,
				D6FB127D2243DBDF0097EC7A /* ServiceRequest.swift in Sources */,
				D69709D92245547200A1F561 /* FilterViewController.swift in Sources */,
				D6FB12472243D4E30097EC7A /* AppDelegate.swift in Sources */,
				D6FB128B22440EEC0097EC7A /* Brand.swift in Sources */,
				D69709F22245BA0800A1F561 /* Product.swift in Sources */,
				D64E52BE224433ED00CFF041 /* PreFilterViewController.swift in Sources */,
				D69709F82245D08B00A1F561 /* ProductDetailViewController.swift in Sources */,
				D69709F42245BBDE00A1F561 /* Image.swift in Sources */,
				D6FB128722440D720097EC7A /* HomeCell.swift in Sources */,
				D6FB12772243D6E00097EC7A /* HomeViewController.swift in Sources */,
				D69709EF2245B75A00A1F561 /* ProductCell.swift in Sources */,
				D69709E122457E1100A1F561 /* Category.swift in Sources */,
				D69709E422457EFB00A1F561 /* CategoriesViewController.swift in Sources */,
			);
			runOnlyForDeploymentPostprocessing = 0;
		};
		D6FB12532243D4E40097EC7A /* Sources */ = {
			isa = PBXSourcesBuildPhase;
			buildActionMask = 2147483647;
			files = (
				D6FB125C2243D4E40097EC7A /* iOS_Faire_Take_Home_AssignmentTests.swift in Sources */,
			);
			runOnlyForDeploymentPostprocessing = 0;
		};
		D6FB125E2243D4E40097EC7A /* Sources */ = {
			isa = PBXSourcesBuildPhase;
			buildActionMask = 2147483647;
			files = (
				D6FB12672243D4E40097EC7A /* iOS_Faire_Take_Home_AssignmentUITests.swift in Sources */,
			);
			runOnlyForDeploymentPostprocessing = 0;
		};
/* End PBXSourcesBuildPhase section */

/* Begin PBXTargetDependency section */
		D6FB12592243D4E40097EC7A /* PBXTargetDependency */ = {
			isa = PBXTargetDependency;
			target = D6FB12422243D4E20097EC7A /* iOS-Faire-Take-Home-Assignment */;
			targetProxy = D6FB12582243D4E40097EC7A /* PBXContainerItemProxy */;
		};
		D6FB12642243D4E40097EC7A /* PBXTargetDependency */ = {
			isa = PBXTargetDependency;
			target = D6FB12422243D4E20097EC7A /* iOS-Faire-Take-Home-Assignment */;
			targetProxy = D6FB12632243D4E40097EC7A /* PBXContainerItemProxy */;
		};
/* End PBXTargetDependency section */

/* Begin PBXVariantGroup section */
		D6FB124A2243D4E30097EC7A /* Main.storyboard */ = {
			isa = PBXVariantGroup;
			children = (
				D6FB124B2243D4E30097EC7A /* Base */,
			);
			name = Main.storyboard;
			sourceTree = "<group>";
		};
		D6FB124F2243D4E40097EC7A /* LaunchScreen.storyboard */ = {
			isa = PBXVariantGroup;
			children = (
				D6FB12502243D4E40097EC7A /* Base */,
			);
			name = LaunchScreen.storyboard;
			sourceTree = "<group>";
		};
/* End PBXVariantGroup section */

/* Begin XCBuildConfiguration section */
		D6FB12692243D4E40097EC7A /* Debug */ = {
			isa = XCBuildConfiguration;
			buildSettings = {
				ALWAYS_SEARCH_USER_PATHS = NO;
				CLANG_ANALYZER_NONNULL = YES;
				CLANG_ANALYZER_NUMBER_OBJECT_CONVERSION = YES_AGGRESSIVE;
				CLANG_CXX_LANGUAGE_STANDARD = "gnu++14";
				CLANG_CXX_LIBRARY = "libc++";
				CLANG_ENABLE_MODULES = YES;
				CLANG_ENABLE_OBJC_ARC = YES;
				CLANG_ENABLE_OBJC_WEAK = YES;
				CLANG_WARN_BLOCK_CAPTURE_AUTORELEASING = YES;
				CLANG_WARN_BOOL_CONVERSION = YES;
				CLANG_WARN_COMMA = YES;
				CLANG_WARN_CONSTANT_CONVERSION = YES;
				CLANG_WARN_DEPRECATED_OBJC_IMPLEMENTATIONS = YES;
				CLANG_WARN_DIRECT_OBJC_ISA_USAGE = YES_ERROR;
				CLANG_WARN_DOCUMENTATION_COMMENTS = YES;
				CLANG_WARN_EMPTY_BODY = YES;
				CLANG_WARN_ENUM_CONVERSION = YES;
				CLANG_WARN_INFINITE_RECURSION = YES;
				CLANG_WARN_INT_CONVERSION = YES;
				CLANG_WARN_NON_LITERAL_NULL_CONVERSION = YES;
				CLANG_WARN_OBJC_IMPLICIT_RETAIN_SELF = YES;
				CLANG_WARN_OBJC_LITERAL_CONVERSION = YES;
				CLANG_WARN_OBJC_ROOT_CLASS = YES_ERROR;
				CLANG_WARN_RANGE_LOOP_ANALYSIS = YES;
				CLANG_WARN_STRICT_PROTOTYPES = YES;
				CLANG_WARN_SUSPICIOUS_MOVE = YES;
				CLANG_WARN_UNGUARDED_AVAILABILITY = YES_AGGRESSIVE;
				CLANG_WARN_UNREACHABLE_CODE = YES;
				CLANG_WARN__DUPLICATE_METHOD_MATCH = YES;
				CODE_SIGN_IDENTITY = "iPhone Developer";
				COPY_PHASE_STRIP = NO;
				DEBUG_INFORMATION_FORMAT = dwarf;
				ENABLE_STRICT_OBJC_MSGSEND = YES;
				ENABLE_TESTABILITY = YES;
				GCC_C_LANGUAGE_STANDARD = gnu11;
				GCC_DYNAMIC_NO_PIC = NO;
				GCC_NO_COMMON_BLOCKS = YES;
				GCC_OPTIMIZATION_LEVEL = 0;
				GCC_PREPROCESSOR_DEFINITIONS = (
					"DEBUG=1",
					"$(inherited)",
				);
				GCC_WARN_64_TO_32_BIT_CONVERSION = YES;
				GCC_WARN_ABOUT_RETURN_TYPE = YES_ERROR;
				GCC_WARN_UNDECLARED_SELECTOR = YES;
				GCC_WARN_UNINITIALIZED_AUTOS = YES_AGGRESSIVE;
				GCC_WARN_UNUSED_FUNCTION = YES;
				GCC_WARN_UNUSED_VARIABLE = YES;
				IPHONEOS_DEPLOYMENT_TARGET = 12.1;
				MTL_ENABLE_DEBUG_INFO = INCLUDE_SOURCE;
				MTL_FAST_MATH = YES;
				ONLY_ACTIVE_ARCH = YES;
				SDKROOT = iphoneos;
				SWIFT_ACTIVE_COMPILATION_CONDITIONS = DEBUG;
				SWIFT_OPTIMIZATION_LEVEL = "-Onone";
			};
			name = Debug;
		};
		D6FB126A2243D4E40097EC7A /* Release */ = {
			isa = XCBuildConfiguration;
			buildSettings = {
				ALWAYS_SEARCH_USER_PATHS = NO;
				CLANG_ANALYZER_NONNULL = YES;
				CLANG_ANALYZER_NUMBER_OBJECT_CONVERSION = YES_AGGRESSIVE;
				CLANG_CXX_LANGUAGE_STANDARD = "gnu++14";
				CLANG_CXX_LIBRARY = "libc++";
				CLANG_ENABLE_MODULES = YES;
				CLANG_ENABLE_OBJC_ARC = YES;
				CLANG_ENABLE_OBJC_WEAK = YES;
				CLANG_WARN_BLOCK_CAPTURE_AUTORELEASING = YES;
				CLANG_WARN_BOOL_CONVERSION = YES;
				CLANG_WARN_COMMA = YES;
				CLANG_WARN_CONSTANT_CONVERSION = YES;
				CLANG_WARN_DEPRECATED_OBJC_IMPLEMENTATIONS = YES;
				CLANG_WARN_DIRECT_OBJC_ISA_USAGE = YES_ERROR;
				CLANG_WARN_DOCUMENTATION_COMMENTS = YES;
				CLANG_WARN_EMPTY_BODY = YES;
				CLANG_WARN_ENUM_CONVERSION = YES;
				CLANG_WARN_INFINITE_RECURSION = YES;
				CLANG_WARN_INT_CONVERSION = YES;
				CLANG_WARN_NON_LITERAL_NULL_CONVERSION = YES;
				CLANG_WARN_OBJC_IMPLICIT_RETAIN_SELF = YES;
				CLANG_WARN_OBJC_LITERAL_CONVERSION = YES;
				CLANG_WARN_OBJC_ROOT_CLASS = YES_ERROR;
				CLANG_WARN_RANGE_LOOP_ANALYSIS = YES;
				CLANG_WARN_STRICT_PROTOTYPES = YES;
				CLANG_WARN_SUSPICIOUS_MOVE = YES;
				CLANG_WARN_UNGUARDED_AVAILABILITY = YES_AGGRESSIVE;
				CLANG_WARN_UNREACHABLE_CODE = YES;
				CLANG_WARN__DUPLICATE_METHOD_MATCH = YES;
				CODE_SIGN_IDENTITY = "iPhone Developer";
				COPY_PHASE_STRIP = NO;
				DEBUG_INFORMATION_FORMAT = "dwarf-with-dsym";
				ENABLE_NS_ASSERTIONS = NO;
				ENABLE_STRICT_OBJC_MSGSEND = YES;
				GCC_C_LANGUAGE_STANDARD = gnu11;
				GCC_NO_COMMON_BLOCKS = YES;
				GCC_WARN_64_TO_32_BIT_CONVERSION = YES;
				GCC_WARN_ABOUT_RETURN_TYPE = YES_ERROR;
				GCC_WARN_UNDECLARED_SELECTOR = YES;
				GCC_WARN_UNINITIALIZED_AUTOS = YES_AGGRESSIVE;
				GCC_WARN_UNUSED_FUNCTION = YES;
				GCC_WARN_UNUSED_VARIABLE = YES;
				IPHONEOS_DEPLOYMENT_TARGET = 12.1;
				MTL_ENABLE_DEBUG_INFO = NO;
				MTL_FAST_MATH = YES;
				SDKROOT = iphoneos;
				SWIFT_COMPILATION_MODE = wholemodule;
				SWIFT_OPTIMIZATION_LEVEL = "-O";
				VALIDATE_PRODUCT = YES;
			};
			name = Release;
		};
		D6FB126C2243D4E40097EC7A /* Debug */ = {
			isa = XCBuildConfiguration;
			baseConfigurationReference = 444A5EED1880A9FF08A9AFD2 /* Pods-iOS-Faire-Take-Home-Assignment.debug.xcconfig */;
			buildSettings = {
				ASSETCATALOG_COMPILER_APPICON_NAME = AppIcon;
				CODE_SIGN_STYLE = Automatic;
				DEVELOPMENT_TEAM = 8MXKT7BP45;
				INFOPLIST_FILE = "iOS-Faire-Take-Home-Assignment/Info.plist";
				LD_RUNPATH_SEARCH_PATHS = (
					"$(inherited)",
					"@executable_path/Frameworks",
				);
				PRODUCT_BUNDLE_IDENTIFIER = "rafaelbrandao.iOS-Faire-Take-Home-Assignment";
				PRODUCT_NAME = "$(TARGET_NAME)";
				SWIFT_OBJC_BRIDGING_HEADER = "iOS-Faire-Take-Home-Assignment/Bridging-Header.h";
				SWIFT_VERSION = 4.2;
				TARGETED_DEVICE_FAMILY = "1,2";
			};
			name = Debug;
		};
		D6FB126D2243D4E40097EC7A /* Release */ = {
			isa = XCBuildConfiguration;
			baseConfigurationReference = C59B68D2C4BDCFB50E399209 /* Pods-iOS-Faire-Take-Home-Assignment.release.xcconfig */;
			buildSettings = {
				ASSETCATALOG_COMPILER_APPICON_NAME = AppIcon;
				CODE_SIGN_STYLE = Automatic;
				DEVELOPMENT_TEAM = 8MXKT7BP45;
				INFOPLIST_FILE = "iOS-Faire-Take-Home-Assignment/Info.plist";
				LD_RUNPATH_SEARCH_PATHS = (
					"$(inherited)",
					"@executable_path/Frameworks",
				);
				PRODUCT_BUNDLE_IDENTIFIER = "rafaelbrandao.iOS-Faire-Take-Home-Assignment";
				PRODUCT_NAME = "$(TARGET_NAME)";
				SWIFT_OBJC_BRIDGING_HEADER = "iOS-Faire-Take-Home-Assignment/Bridging-Header.h";
				SWIFT_VERSION = 4.2;
				TARGETED_DEVICE_FAMILY = "1,2";
			};
			name = Release;
		};
		D6FB126F2243D4E40097EC7A /* Debug */ = {
			isa = XCBuildConfiguration;
			baseConfigurationReference = 8193435F457017B94FD443C0 /* Pods-iOS-Faire-Take-Home-AssignmentTests.debug.xcconfig */;
			buildSettings = {
				ALWAYS_EMBED_SWIFT_STANDARD_LIBRARIES = YES;
				BUNDLE_LOADER = "$(TEST_HOST)";
				CODE_SIGN_STYLE = Automatic;
				DEVELOPMENT_TEAM = 8MXKT7BP45;
				INFOPLIST_FILE = "iOS-Faire-Take-Home-AssignmentTests/Info.plist";
				LD_RUNPATH_SEARCH_PATHS = (
					"$(inherited)",
					"@executable_path/Frameworks",
					"@loader_path/Frameworks",
				);
				PRODUCT_BUNDLE_IDENTIFIER = "rafaelbrandao.iOS-Faire-Take-Home-AssignmentTests";
				PRODUCT_NAME = "$(TARGET_NAME)";
				SWIFT_VERSION = 4.2;
				TARGETED_DEVICE_FAMILY = "1,2";
				TEST_HOST = "$(BUILT_PRODUCTS_DIR)/iOS-Faire-Take-Home-Assignment.app/iOS-Faire-Take-Home-Assignment";
			};
			name = Debug;
		};
		D6FB12702243D4E40097EC7A /* Release */ = {
			isa = XCBuildConfiguration;
			baseConfigurationReference = 2FE272B3F348E86D04744EBD /* Pods-iOS-Faire-Take-Home-AssignmentTests.release.xcconfig */;
			buildSettings = {
				ALWAYS_EMBED_SWIFT_STANDARD_LIBRARIES = YES;
				BUNDLE_LOADER = "$(TEST_HOST)";
				CODE_SIGN_STYLE = Automatic;
				DEVELOPMENT_TEAM = 8MXKT7BP45;
				INFOPLIST_FILE = "iOS-Faire-Take-Home-AssignmentTests/Info.plist";
				LD_RUNPATH_SEARCH_PATHS = (
					"$(inherited)",
					"@executable_path/Frameworks",
					"@loader_path/Frameworks",
				);
				PRODUCT_BUNDLE_IDENTIFIER = "rafaelbrandao.iOS-Faire-Take-Home-AssignmentTests";
				PRODUCT_NAME = "$(TARGET_NAME)";
				SWIFT_VERSION = 4.2;
				TARGETED_DEVICE_FAMILY = "1,2";
				TEST_HOST = "$(BUILT_PRODUCTS_DIR)/iOS-Faire-Take-Home-Assignment.app/iOS-Faire-Take-Home-Assignment";
			};
			name = Release;
		};
		D6FB12722243D4E40097EC7A /* Debug */ = {
			isa = XCBuildConfiguration;
			baseConfigurationReference = 9DDBD3CFE4F4B84DEFBCFCDA /* Pods-iOS-Faire-Take-Home-AssignmentUITests.debug.xcconfig */;
			buildSettings = {
				ALWAYS_EMBED_SWIFT_STANDARD_LIBRARIES = YES;
				CODE_SIGN_STYLE = Automatic;
				DEVELOPMENT_TEAM = 8MXKT7BP45;
				INFOPLIST_FILE = "iOS-Faire-Take-Home-AssignmentUITests/Info.plist";
				LD_RUNPATH_SEARCH_PATHS = (
					"$(inherited)",
					"@executable_path/Frameworks",
					"@loader_path/Frameworks",
				);
				PRODUCT_BUNDLE_IDENTIFIER = "rafaelbrandao.iOS-Faire-Take-Home-AssignmentUITests";
				PRODUCT_NAME = "$(TARGET_NAME)";
				SWIFT_VERSION = 4.2;
				TARGETED_DEVICE_FAMILY = "1,2";
				TEST_TARGET_NAME = "iOS-Faire-Take-Home-Assignment";
			};
			name = Debug;
		};
		D6FB12732243D4E40097EC7A /* Release */ = {
			isa = XCBuildConfiguration;
			baseConfigurationReference = 05DAF4569BE68DC0CEEDC31C /* Pods-iOS-Faire-Take-Home-AssignmentUITests.release.xcconfig */;
			buildSettings = {
				ALWAYS_EMBED_SWIFT_STANDARD_LIBRARIES = YES;
				CODE_SIGN_STYLE = Automatic;
				DEVELOPMENT_TEAM = 8MXKT7BP45;
				INFOPLIST_FILE = "iOS-Faire-Take-Home-AssignmentUITests/Info.plist";
				LD_RUNPATH_SEARCH_PATHS = (
					"$(inherited)",
					"@executable_path/Frameworks",
					"@loader_path/Frameworks",
				);
				PRODUCT_BUNDLE_IDENTIFIER = "rafaelbrandao.iOS-Faire-Take-Home-AssignmentUITests";
				PRODUCT_NAME = "$(TARGET_NAME)";
				SWIFT_VERSION = 4.2;
				TARGETED_DEVICE_FAMILY = "1,2";
				TEST_TARGET_NAME = "iOS-Faire-Take-Home-Assignment";
			};
			name = Release;
		};
/* End XCBuildConfiguration section */

/* Begin XCConfigurationList section */
		D6FB123E2243D4E20097EC7A /* Build configuration list for PBXProject "iOS-Faire-Take-Home-Assignment" */ = {
			isa = XCConfigurationList;
			buildConfigurations = (
				D6FB12692243D4E40097EC7A /* Debug */,
				D6FB126A2243D4E40097EC7A /* Release */,
			);
			defaultConfigurationIsVisible = 0;
			defaultConfigurationName = Release;
		};
		D6FB126B2243D4E40097EC7A /* Build configuration list for PBXNativeTarget "iOS-Faire-Take-Home-Assignment" */ = {
			isa = XCConfigurationList;
			buildConfigurations = (
				D6FB126C2243D4E40097EC7A /* Debug */,
				D6FB126D2243D4E40097EC7A /* Release */,
			);
			defaultConfigurationIsVisible = 0;
			defaultConfigurationName = Release;
		};
		D6FB126E2243D4E40097EC7A /* Build configuration list for PBXNativeTarget "iOS-Faire-Take-Home-AssignmentTests" */ = {
			isa = XCConfigurationList;
			buildConfigurations = (
				D6FB126F2243D4E40097EC7A /* Debug */,
				D6FB12702243D4E40097EC7A /* Release */,
			);
			defaultConfigurationIsVisible = 0;
			defaultConfigurationName = Release;
		};
		D6FB12712243D4E40097EC7A /* Build configuration list for PBXNativeTarget "iOS-Faire-Take-Home-AssignmentUITests" */ = {
			isa = XCConfigurationList;
			buildConfigurations = (
				D6FB12722243D4E40097EC7A /* Debug */,
				D6FB12732243D4E40097EC7A /* Release */,
			);
			defaultConfigurationIsVisible = 0;
			defaultConfigurationName = Release;
		};
/* End XCConfigurationList section */
	};
	rootObject = D6FB123B2243D4E20097EC7A /* Project object */;
}
